{
  "projects": [
    {
      "projectId": "q8iq2J191QypeBqVSHzb6M",
      "version": "0.9.0",
      "dependencies": {},
      "lang": "ts",
      "fileLocks": [
        {
          "assetId": "q8iq2J191QypeBqVSHzb6M",
          "type": "projectCss",
          "checksum": "1c02168c6b23256606111fdfdbb63549"
        }
      ],
      "codegenVersion": "0.0.1"
    },
    {
      "projectId": "vqeFwpZFQ6buChy6T9PGwQ",
      "version": "0.12.0",
      "dependencies": {},
      "lang": "ts",
      "fileLocks": [
        {
          "assetId": "vqeFwpZFQ6buChy6T9PGwQ",
          "type": "projectCss",
          "checksum": "1c02168c6b23256606111fdfdbb63549"
        }
      ],
      "codegenVersion": "0.0.1"
    },
    {
      "projectId": "caTPwKxj5ZrD9LQ7DMdK4Z",
      "version": "3.40.0",
      "dependencies": {},
      "lang": "ts",
      "fileLocks": [
        {
          "assetId": "caTPwKxj5ZrD9LQ7DMdK4Z",
          "type": "projectCss",
          "checksum": "1c02168c6b23256606111fdfdbb63549"
        }
      ],
      "codegenVersion": "0.0.1"
    },
    {
      "projectId": "itBdcjth19Wasd6ngAYxWR",
      "version": "1.27.0",
      "dependencies": {},
      "lang": "ts",
      "fileLocks": [
        {
          "assetId": "itBdcjth19Wasd6ngAYxWR",
          "type": "projectCss",
          "checksum": "057be0f49a0de540d8c42d64a65cdbbe"
        }
      ],
      "codegenVersion": "0.0.1"
    },
    {
      "projectId": "kpio2pzukKRJkKg6SSrKTe",
      "version": "0.2.0",
      "dependencies": {},
      "lang": "ts",
      "fileLocks": [
        {
          "assetId": "kpio2pzukKRJkKg6SSrKTe",
          "type": "projectCss",
          "checksum": "1c02168c6b23256606111fdfdbb63549"
        }
      ],
      "codegenVersion": "0.0.1"
    },
    {
      "projectId": "k6BnBuAUepzRX8Qs2WvkKs",
      "version": "0.4.0",
      "dependencies": {},
      "lang": "ts",
      "fileLocks": [
        {
          "assetId": "k6BnBuAUepzRX8Qs2WvkKs",
          "type": "projectCss",
          "checksum": "1c02168c6b23256606111fdfdbb63549"
        }
      ],
      "codegenVersion": "0.0.1"
    },
    {
      "projectId": "8PtdGodUbexNYgkuyBUcWu",
      "version": "3.27.0",
      "dependencies": {},
      "lang": "ts",
      "fileLocks": [
        {
          "assetId": "8PtdGodUbexNYgkuyBUcWu",
          "type": "projectCss",
          "checksum": "9440f91b1e8169311ba244276a5922c3"
        },
        {
          "assetId": "8PtdGodUbexNYgkuyBUcWu",
          "checksum": "34a063f27f0b27a7d1d344bc6b5252c5",
          "type": "globalContexts"
        }
      ],
      "codegenVersion": "0.0.1"
    },
    {
      "projectId": "YUiM7yqBWAqsh8KSnrdj7",
      "version": "0.33.0",
      "dependencies": {},
      "lang": "ts",
      "fileLocks": [
        {
          "assetId": "YUiM7yqBWAqsh8KSnrdj7",
          "type": "projectCss",
          "checksum": "21b499a9da4edbc2266c72c2ba127787"
        }
      ],
      "codegenVersion": "0.0.1"
    },
    {
      "projectId": "gmeH6XgPaBtkt51HunAo4g",
      "version": "18.14.0",
      "dependencies": {},
      "lang": "ts",
      "fileLocks": [
        {
          "assetId": "gmeH6XgPaBtkt51HunAo4g",
          "type": "projectCss",
          "checksum": "1c02168c6b23256606111fdfdbb63549"
        }
      ],
      "codegenVersion": "0.0.1"
    },
    {
      "projectId": "9Vr5YWkf3w7jj6SsTcCEta",
      "version": "0.13.0",
      "dependencies": {},
      "lang": "ts",
      "fileLocks": [
        {
          "assetId": "9Vr5YWkf3w7jj6SsTcCEta",
          "type": "projectCss",
          "checksum": "1c02168c6b23256606111fdfdbb63549"
        }
      ],
      "codegenVersion": "0.0.1"
    },
    {
      "projectId": "jkU633o1Cz7HrJdwdxhVHk",
      "version": "16.13.0",
      "dependencies": {},
      "lang": "ts",
      "fileLocks": [
        {
          "assetId": "jkU633o1Cz7HrJdwdxhVHk",
          "type": "projectCss",
          "checksum": "cf57d229ecea50678d9d8d3bc0e3dd9b"
        }
      ],
      "codegenVersion": "0.0.1"
    },
    {
      "projectId": "ohDidvG9XsCeFumugENU3J",
      "version": "6.29.0",
      "dependencies": {},
      "lang": "ts",
      "fileLocks": [
        {
          "assetId": "ohDidvG9XsCeFumugENU3J",
          "type": "projectCss",
          "checksum": "ba2a60a163fca4f4d510275088a2be53"
        },
        {
          "assetId": "ohDidvG9XsCeFumugENU3J",
          "checksum": "de0a0e65174a6a185a8f822af51c6bdd",
          "type": "globalContexts"
        }
      ],
      "codegenVersion": "0.0.1"
    },
    {
      "projectId": "x5n9pjkHvzguzBipVWhAiz",
      "version": "latest",
      "dependencies": {
        "ohDidvG9XsCeFumugENU3J": "6.29.0",
        "jkU633o1Cz7HrJdwdxhVHk": "16.13.0",
        "9Vr5YWkf3w7jj6SsTcCEta": "0.13.0",
        "gmeH6XgPaBtkt51HunAo4g": "18.14.0",
        "YUiM7yqBWAqsh8KSnrdj7": "0.33.0",
        "8PtdGodUbexNYgkuyBUcWu": "3.27.0",
        "k6BnBuAUepzRX8Qs2WvkKs": "0.4.0",
        "kpio2pzukKRJkKg6SSrKTe": "0.2.0",
        "itBdcjth19Wasd6ngAYxWR": "1.27.0",
        "caTPwKxj5ZrD9LQ7DMdK4Z": "3.40.0",
        "vqeFwpZFQ6buChy6T9PGwQ": "0.12.0",
        "q8iq2J191QypeBqVSHzb6M": "0.9.0"
      },
      "lang": "ts",
      "fileLocks": [
        {
          "type": "globalVariant",
          "assetId": "lyy4ZUIrWoht",
          "checksum": "349a76e46b30e0d00cc7f769e9b17456"
        },
        {
          "assetId": "x5n9pjkHvzguzBipVWhAiz",
          "checksum": "05c8cf0bdd531ee835ead5505c0d2b96",
          "type": "globalContexts"
        },
        {
          "type": "renderModule",
          "assetId": "f_y1jkaXWwio",
          "checksum": "288a3bf648120f78ee761f15606700bf"
        },
        {
          "type": "cssRules",
          "assetId": "f_y1jkaXWwio",
          "checksum": "288a3bf648120f78ee761f15606700bf"
        },
        {
          "type": "renderModule",
          "assetId": "Z-xq9Q8TLpwd",
          "checksum": "f394bc1ec14b7b04ef335b6d98f79653"
        },
        {
          "type": "cssRules",
          "assetId": "Z-xq9Q8TLpwd",
          "checksum": "f394bc1ec14b7b04ef335b6d98f79653"
        },
        {
          "type": "renderModule",
          "assetId": "pNWA3CgjmfOy",
          "checksum": "02940bb07fd1373e288e95d88f54ccea"
        },
        {
          "type": "cssRules",
          "assetId": "pNWA3CgjmfOy",
          "checksum": "02940bb07fd1373e288e95d88f54ccea"
        },
        {
          "type": "renderModule",
          "assetId": "0_VuJOPjrVF6",
          "checksum": "25bc7600ac2fdf53d4edad2e586c1ab6"
        },
        {
          "type": "cssRules",
          "assetId": "0_VuJOPjrVF6",
          "checksum": "25bc7600ac2fdf53d4edad2e586c1ab6"
        },
        {
          "type": "renderModule",
          "assetId": "C6rVWRwZMhHZ",
          "checksum": "61ab66710aa596bd6ea4608f898597f7"
        },
        {
          "type": "cssRules",
          "assetId": "C6rVWRwZMhHZ",
          "checksum": "61ab66710aa596bd6ea4608f898597f7"
        },
        {
          "type": "renderModule",
          "assetId": "Kw7q__mVGhml",
          "checksum": "e287ccf39df026d4b6b063254be4f002"
        },
        {
          "type": "cssRules",
          "assetId": "Kw7q__mVGhml",
          "checksum": "e287ccf39df026d4b6b063254be4f002"
        },
        {
          "type": "renderModule",
          "assetId": "ToRnt6m7Pbw7",
          "checksum": "f1a8c1ba13fdb74423af2d0dff2bb685"
        },
        {
          "type": "cssRules",
          "assetId": "ToRnt6m7Pbw7",
          "checksum": "f1a8c1ba13fdb74423af2d0dff2bb685"
        },
        {
          "type": "renderModule",
          "assetId": "D_XHct9FBU8q",
          "checksum": "601c4cc710b5230eca61d8a609c7d593"
        },
        {
          "type": "cssRules",
          "assetId": "D_XHct9FBU8q",
          "checksum": "601c4cc710b5230eca61d8a609c7d593"
        },
        {
          "type": "renderModule",
          "assetId": "Mc0VBpijIxyn",
          "checksum": "5da20fc69ffaac44f8506bc119893186"
        },
        {
          "type": "cssRules",
          "assetId": "Mc0VBpijIxyn",
          "checksum": "5da20fc69ffaac44f8506bc119893186"
        },
        {
          "type": "renderModule",
          "assetId": "XVno6UkYv7_l",
          "checksum": "bd335e288c7e05698b4ea87c69fcece3"
        },
        {
          "type": "cssRules",
          "assetId": "XVno6UkYv7_l",
          "checksum": "bd335e288c7e05698b4ea87c69fcece3"
        },
        {
          "type": "renderModule",
          "assetId": "MvAqwlqnyI4K",
          "checksum": "3fcbb07cf761a5bb346a73675094d1dc"
        },
        {
          "type": "cssRules",
          "assetId": "MvAqwlqnyI4K",
          "checksum": "3fcbb07cf761a5bb346a73675094d1dc"
        },
        {
          "type": "renderModule",
          "assetId": "Tm95Yqly1EMg",
          "checksum": "8c2625887f02d6c95993fffcaa0d30e4"
        },
        {
          "type": "cssRules",
          "assetId": "Tm95Yqly1EMg",
          "checksum": "8c2625887f02d6c95993fffcaa0d30e4"
        },
        {
          "type": "renderModule",
          "assetId": "H4PoDwNWaGYN",
          "checksum": "77da6891a54f9cbe870bf5cda32ccb76"
        },
        {
          "type": "cssRules",
          "assetId": "H4PoDwNWaGYN",
          "checksum": "77da6891a54f9cbe870bf5cda32ccb76"
        },
        {
          "type": "renderModule",
          "assetId": "3uyfO7NANclf",
          "checksum": "63b0c214e447ef6abe82d816787a208f"
        },
        {
          "type": "cssRules",
          "assetId": "3uyfO7NANclf",
          "checksum": "63b0c214e447ef6abe82d816787a208f"
        },
        {
          "type": "renderModule",
          "assetId": "KN7IYHQF1AEV",
          "checksum": "d74a240f2971da0d2a3fa7a58066974c"
        },
        {
          "type": "cssRules",
          "assetId": "KN7IYHQF1AEV",
          "checksum": "d74a240f2971da0d2a3fa7a58066974c"
        },
        {
          "type": "renderModule",
          "assetId": "DNqo8FtdHV40",
          "checksum": "78dd6c35c25e4b3d0ea0fac74785de61"
        },
        {
          "type": "cssRules",
          "assetId": "DNqo8FtdHV40",
          "checksum": "78dd6c35c25e4b3d0ea0fac74785de61"
        },
        {
          "type": "renderModule",
          "assetId": "Hsif2_wuRX1g",
          "checksum": "9fcfc34e40c954311e2739110885ca91"
        },
        {
          "type": "cssRules",
          "assetId": "Hsif2_wuRX1g",
          "checksum": "9fcfc34e40c954311e2739110885ca91"
        },
        {
          "type": "renderModule",
          "assetId": "8x-tDBj79ns0",
          "checksum": "c0f75d2605026285c5e4c765581d2a4b"
        },
        {
          "type": "cssRules",
          "assetId": "8x-tDBj79ns0",
          "checksum": "c0f75d2605026285c5e4c765581d2a4b"
        },
        {
          "type": "renderModule",
          "assetId": "mXkNsut3n5tQ",
          "checksum": "b818213f48e2f6217eb8d715b03a320a"
        },
        {
          "type": "cssRules",
          "assetId": "mXkNsut3n5tQ",
          "checksum": "b818213f48e2f6217eb8d715b03a320a"
        },
        {
          "type": "renderModule",
          "assetId": "ZTGMlsvVVp1c",
          "checksum": "afd21ad29526f24ab833d01af73f5276"
        },
        {
          "type": "cssRules",
          "assetId": "ZTGMlsvVVp1c",
          "checksum": "afd21ad29526f24ab833d01af73f5276"
        },
        {
          "type": "renderModule",
          "assetId": "XUH3j2eK41OU",
          "checksum": "8bd15d1428ee445eec7dc574c3d2cf45"
        },
        {
          "type": "cssRules",
          "assetId": "XUH3j2eK41OU",
          "checksum": "8bd15d1428ee445eec7dc574c3d2cf45"
        },
        {
          "type": "renderModule",
          "assetId": "VlMYCqzuHxtq",
          "checksum": "e2475e48f6877da57ad953c51dc64e15"
        },
        {
          "type": "cssRules",
          "assetId": "VlMYCqzuHxtq",
          "checksum": "e2475e48f6877da57ad953c51dc64e15"
        },
        {
          "type": "renderModule",
          "assetId": "Q6PUMnlRXK0C",
          "checksum": "1f5712459bbb16cbda46842be8ab1c3c"
        },
        {
          "type": "cssRules",
          "assetId": "Q6PUMnlRXK0C",
          "checksum": "1f5712459bbb16cbda46842be8ab1c3c"
        },
        {
          "type": "renderModule",
          "assetId": "GdEf_iBiofPc",
          "checksum": "a3d9f36539f07ce1a86ac02c94eac552"
        },
        {
          "type": "cssRules",
          "assetId": "GdEf_iBiofPc",
          "checksum": "a3d9f36539f07ce1a86ac02c94eac552"
        },
        {
          "type": "renderModule",
          "assetId": "bqYqmq89i-Zu",
          "checksum": "78f300b29b81b058ac0a4a6cc90c4857"
        },
        {
          "type": "cssRules",
          "assetId": "bqYqmq89i-Zu",
          "checksum": "78f300b29b81b058ac0a4a6cc90c4857"
        },
        {
          "type": "renderModule",
          "assetId": "nkfI-aNzxOy9",
          "checksum": "afb14cef92b7ce1c0c8b76a38d22eca4"
        },
        {
          "type": "cssRules",
          "assetId": "nkfI-aNzxOy9",
          "checksum": "afb14cef92b7ce1c0c8b76a38d22eca4"
        },
        {
          "type": "renderModule",
          "assetId": "EwPsFnWTlIqQ",
          "checksum": "1d4e0b4ced97027c260d2bad07b6a4cf"
        },
        {
          "type": "cssRules",
          "assetId": "EwPsFnWTlIqQ",
          "checksum": "1d4e0b4ced97027c260d2bad07b6a4cf"
        },
        {
          "type": "renderModule",
          "assetId": "h3ANggJrUJFK",
          "checksum": "b284385b290dc20435ba1082a87737ca"
        },
        {
          "type": "cssRules",
          "assetId": "h3ANggJrUJFK",
          "checksum": "b284385b290dc20435ba1082a87737ca"
        },
        {
          "type": "icon",
          "assetId": "5u65g-vP3gcT",
          "checksum": "c6fd8fe27a600c887bf75e32d8b52774"
        },
        {
          "type": "icon",
          "assetId": "Uj3zs5eqPV5q",
          "checksum": "205f29e6b96e80bd7331f42a315eb758"
        },
        {
          "type": "icon",
          "assetId": "zbrhNmex8R54",
          "checksum": "c6b805c47b55742d21f9093e92239e39"
        },
        {
          "type": "icon",
          "assetId": "b9MHltYtDWG5",
          "checksum": "a956f471c75ba23eb7382f09dbf00494"
        },
        {
          "type": "icon",
          "assetId": "izBw40asej60",
          "checksum": "eca94725feab513399d3f04db024f300"
        },
        {
          "type": "icon",
          "assetId": "QmoLZEu7z-27",
          "checksum": "ba7d868451b8c6dfe8011ad10f9cc822"
        },
        {
          "type": "icon",
          "assetId": "KgkNPHOE78UF",
          "checksum": "92cbb8c09e4b0b81baef1a80fda73573"
        },
        {
          "type": "icon",
          "assetId": "1X-di9vriUje",
          "checksum": "ae8fa5d31d437fa07f6f9acf94ca39cf"
        },
        {
          "type": "icon",
          "assetId": "66vdW37uE1zO",
          "checksum": "244640e87af71e1f7879811b0ba3d610"
        },
        {
          "type": "icon",
          "assetId": "6hb4tqLW60jH",
          "checksum": "38c3b318de7ec7c3cc06caba6c6587f3"
        },
        {
          "type": "icon",
          "assetId": "9Lt6zWi16J6E",
          "checksum": "3842b23d51b00a2a066f96adb4460bf9"
        },
        {
          "type": "icon",
          "assetId": "pXq9GwlRWJQN",
          "checksum": "64f298b7d323338bb20cc10844a8cbc3"
        },
        {
          "type": "icon",
          "assetId": "Bi9ZoqrIWUrr",
          "checksum": "bea14b600c8fbda7c84542723e114691"
        },
        {
          "type": "icon",
          "assetId": "RHbimlrwKmk7",
          "checksum": "e6053b1e37382166543c27c14ba33eb1"
        },
        {
          "type": "icon",
          "assetId": "QUz_djX9CZ5-",
          "checksum": "88db66ffae130c68b31829d850253fce"
        },
        {
          "type": "icon",
          "assetId": "YW8jW_7M2k9A",
          "checksum": "d1988d6a91afbb4463c02d3b96b03d03"
        },
        {
          "type": "icon",
          "assetId": "JHjItL2k5LM6",
          "checksum": "88029b2bf1eaef1bebe07c1528191b4e"
        },
        {
          "type": "icon",
          "assetId": "vpuN4BQxK_PH",
          "checksum": "b136b48cea32004498b0ba3f5d8679f6"
        },
        {
          "type": "icon",
          "assetId": "IHFRok4VDyFq",
          "checksum": "518bbef6dd02736e9a3af46221d7e6f8"
        },
        {
          "type": "icon",
          "assetId": "rCOHyDWJuOrd",
          "checksum": "c59c4b96bd592aa9f9df7298f2b0b947"
        },
        {
          "type": "icon",
          "assetId": "8JWu3UyC--9p",
          "checksum": "9894fc73bdb654cdac4754b0b858a50f"
        },
        {
          "type": "icon",
          "assetId": "uoZWmXgx_k0s",
          "checksum": "98a89c7c162a5ec7822c6e741a55c17e"
        },
        {
          "type": "icon",
          "assetId": "DFqhlB_acJTj",
          "checksum": "bcff9ff23b05e31c809defef881629f1"
        },
        {
          "type": "icon",
          "assetId": "pvRfclCatxOV",
          "checksum": "f5bf236e539d105a2f42634201b05811"
        },
        {
          "type": "icon",
          "assetId": "ELgPVVGypR9T",
          "checksum": "eb4035ea6cbb6d3a62e2b2a68fbbbd63"
        },
        {
          "type": "icon",
          "assetId": "wumpzot6JlJS",
          "checksum": "9013a9f0e852c37188237ec41c14f982"
        },
        {
          "type": "icon",
          "assetId": "1XX1FqE2P08x",
          "checksum": "8ea8c95f0bd03946a16a8153b352bbfc"
        },
        {
          "type": "icon",
          "assetId": "6qMjah-m2ZUu",
          "checksum": "4d5ca34226d49cae45c670a04f9d060b"
        },
        {
          "type": "icon",
          "assetId": "0RWUQ8wFLxHc",
          "checksum": "79d9502a935e2d38452fc576a0b1a0a9"
        },
        {
          "type": "icon",
          "assetId": "XASChn-p69Is",
          "checksum": "2cb448b04dfb1e7c22cfd92abf3aae9f"
        },
        {
          "type": "icon",
          "assetId": "5hZD53HT3wtA",
          "checksum": "eb58cb613bf90ccab900bbbe33dc3b14"
        },
        {
          "type": "image",
          "assetId": "pHq0yE6CpE8-",
          "checksum": "8297f124b2ba243bf2621eaa47b1f9a9"
        },
        {
          "type": "image",
          "assetId": "QaOouevFZAqZ",
          "checksum": "c34d154aad327b32f9322b39b3c05b66"
        },
        {
          "type": "image",
          "assetId": "7znknmvtXwug",
          "checksum": "344256068e729c19a79887d9c6d4e4d0"
        },
        {
          "type": "image",
          "assetId": "hvjh_S5CWpR2",
          "checksum": "dc79eb582be913006858b69f3419554d"
        },
        {
          "type": "renderModule",
          "assetId": "00BG3jmDg3a5",
          "checksum": "ef1f11a04abc312ad92c15859c21d5ac"
        },
        {
          "type": "cssRules",
          "assetId": "00BG3jmDg3a5",
          "checksum": "ef1f11a04abc312ad92c15859c21d5ac"
        },
        {
          "type": "renderModule",
          "assetId": "70uW4VfZf5uQ",
          "checksum": "de65e93b1cdb6749a7622fca869ca8df"
        },
        {
          "type": "cssRules",
          "assetId": "70uW4VfZf5uQ",
          "checksum": "de65e93b1cdb6749a7622fca869ca8df"
        },
        {
          "type": "icon",
          "assetId": "QiA0vX1k9VT1",
          "checksum": "e57a0110f57862d3cfdd292a9d8b1aa3"
        },
        {
          "type": "renderModule",
          "assetId": "2jqcHHkVgsbR",
          "checksum": "6066c0a03bc9db61f6c7966049176018"
        },
        {
          "type": "cssRules",
          "assetId": "2jqcHHkVgsbR",
          "checksum": "6066c0a03bc9db61f6c7966049176018"
        },
        {
          "type": "renderModule",
          "assetId": "b4-9lC1F14Pg",
          "checksum": "44104ae2ced89e52a983499c4b6b569b"
        },
        {
          "type": "cssRules",
          "assetId": "b4-9lC1F14Pg",
          "checksum": "44104ae2ced89e52a983499c4b6b569b"
        },
        {
          "type": "renderModule",
          "assetId": "nh1uMIuDKJ_h",
          "checksum": "3bacba0df0585c6fee712d57b10c98e9"
        },
        {
          "type": "cssRules",
          "assetId": "nh1uMIuDKJ_h",
          "checksum": "3bacba0df0585c6fee712d57b10c98e9"
        },
        {
          "assetId": "x5n9pjkHvzguzBipVWhAiz",
          "type": "projectCss",
          "checksum": "e28fb8d38d1215e2e418425ec2b0cd55"
        }
      ],
      "codegenVersion": "0.0.1"
    }
  ],
  "cliVersion": "0.1.335"
}
